// !$*UTF8*$!
{
	archiveVersion = 1;
	classes = {
	};
	objectVersion = 56;
	objects = {

/* Begin PBXBuildFile section */
		54ACA4D82AB4188B00478B53 /* LocationManager.swift in Sources */ = {isa = PBXBuildFile; fileRef = 54ACA4D72AB4188B00478B53 /* LocationManager.swift */; };
		54ACA4DB2AB418C500478B53 /* LocationViewModel.swift in Sources */ = {isa = PBXBuildFile; fileRef = 54ACA4DA2AB418C500478B53 /* LocationViewModel.swift */; };
		54ACA4DE2AB41E9D00478B53 /* AirQualityService.swift in Sources */ = {isa = PBXBuildFile; fileRef = 54ACA4DD2AB41E9D00478B53 /* AirQualityService.swift */; };
		54ACA4E02AB420D000478B53 /* AirData.swift in Sources */ = {isa = PBXBuildFile; fileRef = 54ACA4DF2AB420CF00478B53 /* AirData.swift */; };
		54ACA4E22AB444ED00478B53 /* TempViewModel.swift in Sources */ = {isa = PBXBuildFile; fileRef = 54ACA4E12AB444ED00478B53 /* TempViewModel.swift */; };
		54ACA4E52AB54C4E00478B53 /* HomeViewModel.swift in Sources */ = {isa = PBXBuildFile; fileRef = 54ACA4E42AB54C4E00478B53 /* HomeViewModel.swift */; };
		54ACA4E72AB54C5700478B53 /* HomeView.swift in Sources */ = {isa = PBXBuildFile; fileRef = 54ACA4E62AB54C5700478B53 /* HomeView.swift */; };
		54ACA4EA2AB54C7100478B53 /* SearchView.swift in Sources */ = {isa = PBXBuildFile; fileRef = 54ACA4E92AB54C7100478B53 /* SearchView.swift */; };
		54ACA4EC2AB54C7B00478B53 /* SearchViewModel.swift in Sources */ = {isa = PBXBuildFile; fileRef = 54ACA4EB2AB54C7B00478B53 /* SearchViewModel.swift */; };
		54ACA4EE2AB5570200478B53 /* HomeDetailView.swift in Sources */ = {isa = PBXBuildFile; fileRef = 54ACA4ED2AB5570200478B53 /* HomeDetailView.swift */; };
		54ACA4F12AB557DD00478B53 /* AirDataDetailsView.swift in Sources */ = {isa = PBXBuildFile; fileRef = 54ACA4F02AB557DD00478B53 /* AirDataDetailsView.swift */; };
		54ACA4F32AB557EB00478B53 /* AirDataDetailsViewModel.swift in Sources */ = {isa = PBXBuildFile; fileRef = 54ACA4F22AB557EB00478B53 /* AirDataDetailsViewModel.swift */; };
		54ACA4F52AB5593300478B53 /* AirDataTEMP.swift in Sources */ = {isa = PBXBuildFile; fileRef = 54ACA4F42AB5593300478B53 /* AirDataTEMP.swift */; };
		54ACA4F72AB59D6B00478B53 /* AQSearchService.swift in Sources */ = {isa = PBXBuildFile; fileRef = 54ACA4F62AB59D6B00478B53 /* AQSearchService.swift */; };
		54ACA4F92AB5A14500478B53 /* Country.swift in Sources */ = {isa = PBXBuildFile; fileRef = 54ACA4F82AB5A14500478B53 /* Country.swift */; };
		54ACA4FB2AB5A28E00478B53 /* State.swift in Sources */ = {isa = PBXBuildFile; fileRef = 54ACA4FA2AB5A28E00478B53 /* State.swift */; };
		54ACA4FD2AB5A3AB00478B53 /* City.swift in Sources */ = {isa = PBXBuildFile; fileRef = 54ACA4FC2AB5A3AB00478B53 /* City.swift */; };
		54AEB63C2AB40D16000783B9 /* AirSenseApp.swift in Sources */ = {isa = PBXBuildFile; fileRef = 54AEB63B2AB40D16000783B9 /* AirSenseApp.swift */; };
		54AEB63E2AB40D16000783B9 /* ContentView.swift in Sources */ = {isa = PBXBuildFile; fileRef = 54AEB63D2AB40D16000783B9 /* ContentView.swift */; };
		54AEB6402AB40D1A000783B9 /* Assets.xcassets in Resources */ = {isa = PBXBuildFile; fileRef = 54AEB63F2AB40D1A000783B9 /* Assets.xcassets */; };
		54AEB6432AB40D1A000783B9 /* Preview Assets.xcassets in Resources */ = {isa = PBXBuildFile; fileRef = 54AEB6422AB40D1A000783B9 /* Preview Assets.xcassets */; };
		54AEB6452AB40D1A000783B9 /* Persistence.swift in Sources */ = {isa = PBXBuildFile; fileRef = 54AEB6442AB40D1A000783B9 /* Persistence.swift */; };
		54AEB6482AB40D1A000783B9 /* AirSense.xcdatamodeld in Sources */ = {isa = PBXBuildFile; fileRef = 54AEB6462AB40D1A000783B9 /* AirSense.xcdatamodeld */; };
/* End PBXBuildFile section */

/* Begin PBXFileReference section */
		54ACA4D72AB4188B00478B53 /* LocationManager.swift */ = {isa = PBXFileReference; lastKnownFileType = sourcecode.swift; path = LocationManager.swift; sourceTree = "<group>"; };
		54ACA4DA2AB418C500478B53 /* LocationViewModel.swift */ = {isa = PBXFileReference; lastKnownFileType = sourcecode.swift; path = LocationViewModel.swift; sourceTree = "<group>"; };
		54ACA4DD2AB41E9D00478B53 /* AirQualityService.swift */ = {isa = PBXFileReference; lastKnownFileType = sourcecode.swift; path = AirQualityService.swift; sourceTree = "<group>"; };
		54ACA4DF2AB420CF00478B53 /* AirData.swift */ = {isa = PBXFileReference; lastKnownFileType = sourcecode.swift; path = AirData.swift; sourceTree = "<group>"; };
		54ACA4E12AB444ED00478B53 /* TempViewModel.swift */ = {isa = PBXFileReference; lastKnownFileType = sourcecode.swift; path = TempViewModel.swift; sourceTree = "<group>"; };
		54ACA4E42AB54C4E00478B53 /* HomeViewModel.swift */ = {isa = PBXFileReference; lastKnownFileType = sourcecode.swift; path = HomeViewModel.swift; sourceTree = "<group>"; };
		54ACA4E62AB54C5700478B53 /* HomeView.swift */ = {isa = PBXFileReference; lastKnownFileType = sourcecode.swift; path = HomeView.swift; sourceTree = "<group>"; };
		54ACA4E92AB54C7100478B53 /* SearchView.swift */ = {isa = PBXFileReference; lastKnownFileType = sourcecode.swift; path = SearchView.swift; sourceTree = "<group>"; };
		54ACA4EB2AB54C7B00478B53 /* SearchViewModel.swift */ = {isa = PBXFileReference; lastKnownFileType = sourcecode.swift; path = SearchViewModel.swift; sourceTree = "<group>"; };
		54ACA4ED2AB5570200478B53 /* HomeDetailView.swift */ = {isa = PBXFileReference; lastKnownFileType = sourcecode.swift; path = HomeDetailView.swift; sourceTree = "<group>"; };
		54ACA4F02AB557DD00478B53 /* AirDataDetailsView.swift */ = {isa = PBXFileReference; lastKnownFileType = sourcecode.swift; path = AirDataDetailsView.swift; sourceTree = "<group>"; };
		54ACA4F22AB557EB00478B53 /* AirDataDetailsViewModel.swift */ = {isa = PBXFileReference; lastKnownFileType = sourcecode.swift; path = AirDataDetailsViewModel.swift; sourceTree = "<group>"; };
		54ACA4F42AB5593300478B53 /* AirDataTEMP.swift */ = {isa = PBXFileReference; lastKnownFileType = sourcecode.swift; path = AirDataTEMP.swift; sourceTree = "<group>"; };
		54ACA4F62AB59D6B00478B53 /* AQSearchService.swift */ = {isa = PBXFileReference; lastKnownFileType = sourcecode.swift; path = AQSearchService.swift; sourceTree = "<group>"; };
		54ACA4F82AB5A14500478B53 /* Country.swift */ = {isa = PBXFileReference; lastKnownFileType = sourcecode.swift; path = Country.swift; sourceTree = "<group>"; };
		54ACA4FA2AB5A28E00478B53 /* State.swift */ = {isa = PBXFileReference; lastKnownFileType = sourcecode.swift; path = State.swift; sourceTree = "<group>"; };
		54ACA4FC2AB5A3AB00478B53 /* City.swift */ = {isa = PBXFileReference; lastKnownFileType = sourcecode.swift; path = City.swift; sourceTree = "<group>"; };
		54AEB6382AB40D16000783B9 /* AirSense.app */ = {isa = PBXFileReference; explicitFileType = wrapper.application; includeInIndex = 0; path = AirSense.app; sourceTree = BUILT_PRODUCTS_DIR; };
		54AEB63B2AB40D16000783B9 /* AirSenseApp.swift */ = {isa = PBXFileReference; lastKnownFileType = sourcecode.swift; path = AirSenseApp.swift; sourceTree = "<group>"; };
		54AEB63D2AB40D16000783B9 /* ContentView.swift */ = {isa = PBXFileReference; lastKnownFileType = sourcecode.swift; path = ContentView.swift; sourceTree = "<group>"; };
		54AEB63F2AB40D1A000783B9 /* Assets.xcassets */ = {isa = PBXFileReference; lastKnownFileType = folder.assetcatalog; path = Assets.xcassets; sourceTree = "<group>"; };
		54AEB6422AB40D1A000783B9 /* Preview Assets.xcassets */ = {isa = PBXFileReference; lastKnownFileType = folder.assetcatalog; path = "Preview Assets.xcassets"; sourceTree = "<group>"; };
		54AEB6442AB40D1A000783B9 /* Persistence.swift */ = {isa = PBXFileReference; lastKnownFileType = sourcecode.swift; path = Persistence.swift; sourceTree = "<group>"; };
		54AEB6472AB40D1A000783B9 /* AirSense.xcdatamodel */ = {isa = PBXFileReference; lastKnownFileType = wrapper.xcdatamodel; path = AirSense.xcdatamodel; sourceTree = "<group>"; };
		54AEB6492AB40D1A000783B9 /* Info.plist */ = {isa = PBXFileReference; lastKnownFileType = text.plist.xml; path = Info.plist; sourceTree = "<group>"; };
/* End PBXFileReference section */

/* Begin PBXFrameworksBuildPhase section */
		54AEB6352AB40D16000783B9 /* Frameworks */ = {
			isa = PBXFrameworksBuildPhase;
			buildActionMask = 2147483647;
			files = (
			);
			runOnlyForDeploymentPostprocessing = 0;
		};
/* End PBXFrameworksBuildPhase section */

/* Begin PBXGroup section */
		54ACA4D52AB4139300478B53 /* Models */ = {
			isa = PBXGroup;
			children = (
				54ACA4DF2AB420CF00478B53 /* AirData.swift */,
				54ACA4F42AB5593300478B53 /* AirDataTEMP.swift */,
				54ACA4F82AB5A14500478B53 /* Country.swift */,
				54ACA4FA2AB5A28E00478B53 /* State.swift */,
				54ACA4FC2AB5A3AB00478B53 /* City.swift */,
			);
			path = Models;
			sourceTree = "<group>";
		};
		54ACA4D62AB4187300478B53 /* Shared */ = {
			isa = PBXGroup;
			children = (
				54ACA4D72AB4188B00478B53 /* LocationManager.swift */,
				54ACA4DA2AB418C500478B53 /* LocationViewModel.swift */,
			);
			path = Shared;
			sourceTree = "<group>";
		};
		54ACA4DC2AB41E3B00478B53 /* Services */ = {
			isa = PBXGroup;
			children = (
				54ACA4DD2AB41E9D00478B53 /* AirQualityService.swift */,
				54ACA4F62AB59D6B00478B53 /* AQSearchService.swift */,
			);
			path = Services;
			sourceTree = "<group>";
		};
		54ACA4E32AB54C3500478B53 /* Home */ = {
			isa = PBXGroup;
			children = (
				54ACA4E62AB54C5700478B53 /* HomeView.swift */,
				54ACA4E42AB54C4E00478B53 /* HomeViewModel.swift */,
				54ACA4ED2AB5570200478B53 /* HomeDetailView.swift */,
			);
			path = Home;
			sourceTree = "<group>";
		};
		54ACA4E82AB54C5B00478B53 /* Search */ = {
			isa = PBXGroup;
			children = (
				54ACA4E92AB54C7100478B53 /* SearchView.swift */,
				54ACA4EB2AB54C7B00478B53 /* SearchViewModel.swift */,
			);
			path = Search;
			sourceTree = "<group>";
		};
		54ACA4EF2AB557A900478B53 /* AirData Details */ = {
			isa = PBXGroup;
			children = (
				54ACA4F02AB557DD00478B53 /* AirDataDetailsView.swift */,
				54ACA4F22AB557EB00478B53 /* AirDataDetailsViewModel.swift */,
			);
			path = "AirData Details";
			sourceTree = "<group>";
		};
		54AEB62F2AB40D16000783B9 = {
			isa = PBXGroup;
			children = (
				54AEB63A2AB40D16000783B9 /* AirSense */,
				54AEB6392AB40D16000783B9 /* Products */,
			);
			sourceTree = "<group>";
		};
		54AEB6392AB40D16000783B9 /* Products */ = {
			isa = PBXGroup;
			children = (
				54AEB6382AB40D16000783B9 /* AirSense.app */,
			);
			name = Products;
			sourceTree = "<group>";
		};
		54AEB63A2AB40D16000783B9 /* AirSense */ = {
			isa = PBXGroup;
			children = (
				54AEB63D2AB40D16000783B9 /* ContentView.swift */,
				54ACA4E12AB444ED00478B53 /* TempViewModel.swift */,
				54ACA4EF2AB557A900478B53 /* AirData Details */,
				54ACA4E82AB54C5B00478B53 /* Search */,
				54ACA4E32AB54C3500478B53 /* Home */,
				54ACA4DC2AB41E3B00478B53 /* Services */,
				54ACA4D62AB4187300478B53 /* Shared */,
				54ACA4D52AB4139300478B53 /* Models */,
				54AEB63B2AB40D16000783B9 /* AirSenseApp.swift */,
				54AEB63F2AB40D1A000783B9 /* Assets.xcassets */,
				54AEB6442AB40D1A000783B9 /* Persistence.swift */,
				54AEB6492AB40D1A000783B9 /* Info.plist */,
				54AEB6462AB40D1A000783B9 /* AirSense.xcdatamodeld */,
				54AEB6412AB40D1A000783B9 /* Preview Content */,
			);
			path = AirSense;
			sourceTree = "<group>";
		};
		54AEB6412AB40D1A000783B9 /* Preview Content */ = {
			isa = PBXGroup;
			children = (
				54AEB6422AB40D1A000783B9 /* Preview Assets.xcassets */,
			);
			path = "Preview Content";
			sourceTree = "<group>";
		};
/* End PBXGroup section */

/* Begin PBXNativeTarget section */
		54AEB6372AB40D16000783B9 /* AirSense */ = {
			isa = PBXNativeTarget;
			buildConfigurationList = 54AEB64C2AB40D1A000783B9 /* Build configuration list for PBXNativeTarget "AirSense" */;
			buildPhases = (
				54AEB6342AB40D16000783B9 /* Sources */,
				54AEB6352AB40D16000783B9 /* Frameworks */,
				54AEB6362AB40D16000783B9 /* Resources */,
			);
			buildRules = (
			);
			dependencies = (
			);
			name = AirSense;
			productName = AirSense;
			productReference = 54AEB6382AB40D16000783B9 /* AirSense.app */;
			productType = "com.apple.product-type.application";
		};
/* End PBXNativeTarget section */

/* Begin PBXProject section */
		54AEB6302AB40D16000783B9 /* Project object */ = {
			isa = PBXProject;
			attributes = {
				BuildIndependentTargetsInParallel = 1;
				LastSwiftUpdateCheck = 1420;
				LastUpgradeCheck = 1420;
				TargetAttributes = {
					54AEB6372AB40D16000783B9 = {
						CreatedOnToolsVersion = 14.2;
					};
				};
			};
			buildConfigurationList = 54AEB6332AB40D16000783B9 /* Build configuration list for PBXProject "AirSense" */;
			compatibilityVersion = "Xcode 14.0";
			developmentRegion = en;
			hasScannedForEncodings = 0;
			knownRegions = (
				en,
				Base,
			);
			mainGroup = 54AEB62F2AB40D16000783B9;
			productRefGroup = 54AEB6392AB40D16000783B9 /* Products */;
			projectDirPath = "";
			projectRoot = "";
			targets = (
				54AEB6372AB40D16000783B9 /* AirSense */,
			);
		};
/* End PBXProject section */

/* Begin PBXResourcesBuildPhase section */
		54AEB6362AB40D16000783B9 /* Resources */ = {
			isa = PBXResourcesBuildPhase;
			buildActionMask = 2147483647;
			files = (
				54AEB6432AB40D1A000783B9 /* Preview Assets.xcassets in Resources */,
				54AEB6402AB40D1A000783B9 /* Assets.xcassets in Resources */,
			);
			runOnlyForDeploymentPostprocessing = 0;
		};
/* End PBXResourcesBuildPhase section */

/* Begin PBXSourcesBuildPhase section */
		54AEB6342AB40D16000783B9 /* Sources */ = {
			isa = PBXSourcesBuildPhase;
			buildActionMask = 2147483647;
			files = (
				54ACA4F32AB557EB00478B53 /* AirDataDetailsViewModel.swift in Sources */,
				54AEB6452AB40D1A000783B9 /* Persistence.swift in Sources */,
				54ACA4DB2AB418C500478B53 /* LocationViewModel.swift in Sources */,
				54ACA4FB2AB5A28E00478B53 /* State.swift in Sources */,
				54ACA4EE2AB5570200478B53 /* HomeDetailView.swift in Sources */,
				54AEB63E2AB40D16000783B9 /* ContentView.swift in Sources */,
				54ACA4E52AB54C4E00478B53 /* HomeViewModel.swift in Sources */,
				54ACA4EA2AB54C7100478B53 /* SearchView.swift in Sources */,
				54ACA4F92AB5A14500478B53 /* Country.swift in Sources */,
				54ACA4EC2AB54C7B00478B53 /* SearchViewModel.swift in Sources */,
				54ACA4F12AB557DD00478B53 /* AirDataDetailsView.swift in Sources */,
				54ACA4D82AB4188B00478B53 /* LocationManager.swift in Sources */,
				54ACA4E72AB54C5700478B53 /* HomeView.swift in Sources */,
				54ACA4E22AB444ED00478B53 /* TempViewModel.swift in Sources */,
				54ACA4DE2AB41E9D00478B53 /* AirQualityService.swift in Sources */,
				54ACA4F72AB59D6B00478B53 /* AQSearchService.swift in Sources */,
				54AEB63C2AB40D16000783B9 /* AirSenseApp.swift in Sources */,
				54ACA4E02AB420D000478B53 /* AirData.swift in Sources */,
				54AEB6482AB40D1A000783B9 /* AirSense.xcdatamodeld in Sources */,
				54ACA4F52AB5593300478B53 /* AirDataTEMP.swift in Sources */,
				54ACA4FD2AB5A3AB00478B53 /* City.swift in Sources */,
			);
			runOnlyForDeploymentPostprocessing = 0;
		};
/* End PBXSourcesBuildPhase section */

/* Begin XCBuildConfiguration section */
		54AEB64A2AB40D1A000783B9 /* Debug */ = {
			isa = XCBuildConfiguration;
			buildSettings = {
				ALWAYS_SEARCH_USER_PATHS = NO;
				CLANG_ANALYZER_NONNULL = YES;
				CLANG_ANALYZER_NUMBER_OBJECT_CONVERSION = YES_AGGRESSIVE;
				CLANG_CXX_LANGUAGE_STANDARD = "gnu++20";
				CLANG_ENABLE_MODULES = YES;
				CLANG_ENABLE_OBJC_ARC = YES;
				CLANG_ENABLE_OBJC_WEAK = YES;
				CLANG_WARN_BLOCK_CAPTURE_AUTORELEASING = YES;
				CLANG_WARN_BOOL_CONVERSION = YES;
				CLANG_WARN_COMMA = YES;
				CLANG_WARN_CONSTANT_CONVERSION = YES;
				CLANG_WARN_DEPRECATED_OBJC_IMPLEMENTATIONS = YES;
				CLANG_WARN_DIRECT_OBJC_ISA_USAGE = YES_ERROR;
				CLANG_WARN_DOCUMENTATION_COMMENTS = YES;
				CLANG_WARN_EMPTY_BODY = YES;
				CLANG_WARN_ENUM_CONVERSION = YES;
				CLANG_WARN_INFINITE_RECURSION = YES;
				CLANG_WARN_INT_CONVERSION = YES;
				CLANG_WARN_NON_LITERAL_NULL_CONVERSION = YES;
				CLANG_WARN_OBJC_IMPLICIT_RETAIN_SELF = YES;
				CLANG_WARN_OBJC_LITERAL_CONVERSION = YES;
				CLANG_WARN_OBJC_ROOT_CLASS = YES_ERROR;
				CLANG_WARN_QUOTED_INCLUDE_IN_FRAMEWORK_HEADER = YES;
				CLANG_WARN_RANGE_LOOP_ANALYSIS = YES;
				CLANG_WARN_STRICT_PROTOTYPES = YES;
				CLANG_WARN_SUSPICIOUS_MOVE = YES;
				CLANG_WARN_UNGUARDED_AVAILABILITY = YES_AGGRESSIVE;
				CLANG_WARN_UNREACHABLE_CODE = YES;
				CLANG_WARN__DUPLICATE_METHOD_MATCH = YES;
				COPY_PHASE_STRIP = NO;
				DEBUG_INFORMATION_FORMAT = dwarf;
				ENABLE_STRICT_OBJC_MSGSEND = YES;
				ENABLE_TESTABILITY = YES;
				GCC_C_LANGUAGE_STANDARD = gnu11;
				GCC_DYNAMIC_NO_PIC = NO;
				GCC_NO_COMMON_BLOCKS = YES;
				GCC_OPTIMIZATION_LEVEL = 0;
				GCC_PREPROCESSOR_DEFINITIONS = (
					"DEBUG=1",
					"$(inherited)",
				);
				GCC_WARN_64_TO_32_BIT_CONVERSION = YES;
				GCC_WARN_ABOUT_RETURN_TYPE = YES_ERROR;
				GCC_WARN_UNDECLARED_SELECTOR = YES;
				GCC_WARN_UNINITIALIZED_AUTOS = YES_AGGRESSIVE;
				GCC_WARN_UNUSED_FUNCTION = YES;
				GCC_WARN_UNUSED_VARIABLE = YES;
				IPHONEOS_DEPLOYMENT_TARGET = 16.2;
				MTL_ENABLE_DEBUG_INFO = INCLUDE_SOURCE;
				MTL_FAST_MATH = YES;
				ONLY_ACTIVE_ARCH = YES;
				SDKROOT = iphoneos;
				SWIFT_ACTIVE_COMPILATION_CONDITIONS = DEBUG;
				SWIFT_OPTIMIZATION_LEVEL = "-Onone";
			};
			name = Debug;
		};
		54AEB64B2AB40D1A000783B9 /* Release */ = {
			isa = XCBuildConfiguration;
			buildSettings = {
				ALWAYS_SEARCH_USER_PATHS = NO;
				CLANG_ANALYZER_NONNULL = YES;
				CLANG_ANALYZER_NUMBER_OBJECT_CONVERSION = YES_AGGRESSIVE;
				CLANG_CXX_LANGUAGE_STANDARD = "gnu++20";
				CLANG_ENABLE_MODULES = YES;
				CLANG_ENABLE_OBJC_ARC = YES;
				CLANG_ENABLE_OBJC_WEAK = YES;
				CLANG_WARN_BLOCK_CAPTURE_AUTORELEASING = YES;
				CLANG_WARN_BOOL_CONVERSION = YES;
				CLANG_WARN_COMMA = YES;
				CLANG_WARN_CONSTANT_CONVERSION = YES;
				CLANG_WARN_DEPRECATED_OBJC_IMPLEMENTATIONS = YES;
				CLANG_WARN_DIRECT_OBJC_ISA_USAGE = YES_ERROR;
				CLANG_WARN_DOCUMENTATION_COMMENTS = YES;
				CLANG_WARN_EMPTY_BODY = YES;
				CLANG_WARN_ENUM_CONVERSION = YES;
				CLANG_WARN_INFINITE_RECURSION = YES;
				CLANG_WARN_INT_CONVERSION = YES;
				CLANG_WARN_NON_LITERAL_NULL_CONVERSION = YES;
				CLANG_WARN_OBJC_IMPLICIT_RETAIN_SELF = YES;
				CLANG_WARN_OBJC_LITERAL_CONVERSION = YES;
				CLANG_WARN_OBJC_ROOT_CLASS = YES_ERROR;
				CLANG_WARN_QUOTED_INCLUDE_IN_FRAMEWORK_HEADER = YES;
				CLANG_WARN_RANGE_LOOP_ANALYSIS = YES;
				CLANG_WARN_STRICT_PROTOTYPES = YES;
				CLANG_WARN_SUSPICIOUS_MOVE = YES;
				CLANG_WARN_UNGUARDED_AVAILABILITY = YES_AGGRESSIVE;
				CLANG_WARN_UNREACHABLE_CODE = YES;
				CLANG_WARN__DUPLICATE_METHOD_MATCH = YES;
				COPY_PHASE_STRIP = NO;
				DEBUG_INFORMATION_FORMAT = "dwarf-with-dsym";
				ENABLE_NS_ASSERTIONS = NO;
				ENABLE_STRICT_OBJC_MSGSEND = YES;
				GCC_C_LANGUAGE_STANDARD = gnu11;
				GCC_NO_COMMON_BLOCKS = YES;
				GCC_WARN_64_TO_32_BIT_CONVERSION = YES;
				GCC_WARN_ABOUT_RETURN_TYPE = YES_ERROR;
				GCC_WARN_UNDECLARED_SELECTOR = YES;
				GCC_WARN_UNINITIALIZED_AUTOS = YES_AGGRESSIVE;
				GCC_WARN_UNUSED_FUNCTION = YES;
				GCC_WARN_UNUSED_VARIABLE = YES;
				IPHONEOS_DEPLOYMENT_TARGET = 16.2;
				MTL_ENABLE_DEBUG_INFO = NO;
				MTL_FAST_MATH = YES;
				SDKROOT = iphoneos;
				SWIFT_COMPILATION_MODE = wholemodule;
				SWIFT_OPTIMIZATION_LEVEL = "-O";
				VALIDATE_PRODUCT = YES;
			};
			name = Release;
		};
		54AEB64D2AB40D1A000783B9 /* Debug */ = {
			isa = XCBuildConfiguration;
			buildSettings = {
				ASSETCATALOG_COMPILER_APPICON_NAME = AppIcon;
				ASSETCATALOG_COMPILER_GLOBAL_ACCENT_COLOR_NAME = AccentColor;
				CODE_SIGN_STYLE = Automatic;
				CURRENT_PROJECT_VERSION = 1;
				DEVELOPMENT_ASSET_PATHS = "\"AirSense/Preview Content\"";
				DEVELOPMENT_TEAM = 49D4NATQYC;
				ENABLE_PREVIEWS = YES;
				GENERATE_INFOPLIST_FILE = YES;
				INFOPLIST_KEY_UIApplicationSceneManifest_Generation = YES;
				INFOPLIST_KEY_UIApplicationSupportsIndirectInputEvents = YES;
				INFOPLIST_KEY_UILaunchScreen_Generation = YES;
				INFOPLIST_KEY_UISupportedInterfaceOrientations_iPad = "UIInterfaceOrientationPortrait UIInterfaceOrientationPortraitUpsideDown UIInterfaceOrientationLandscapeLeft UIInterfaceOrientationLandscapeRight";
				INFOPLIST_KEY_UISupportedInterfaceOrientations_iPhone = "UIInterfaceOrientationPortrait UIInterfaceOrientationLandscapeLeft UIInterfaceOrientationLandscapeRight";
				LD_RUNPATH_SEARCH_PATHS = (
					"$(inherited)",
					"@executable_path/Frameworks",
				);
				MARKETING_VERSION = 1.0;
				PRODUCT_BUNDLE_IDENTIFIER = nathancree.AirSense;
				PRODUCT_NAME = "$(TARGET_NAME)";
				SWIFT_EMIT_LOC_STRINGS = YES;
				SWIFT_VERSION = 5.0;
				TARGETED_DEVICE_FAMILY = "1,2";
			};
			name = Debug;
		};
		54AEB64E2AB40D1A000783B9 /* Release */ = {
			isa = XCBuildConfiguration;
			buildSettings = {
				ASSETCATALOG_COMPILER_APPICON_NAME = AppIcon;
				ASSETCATALOG_COMPILER_GLOBAL_ACCENT_COLOR_NAME = AccentColor;
				CODE_SIGN_STYLE = Automatic;
				CURRENT_PROJECT_VERSION = 1;
				DEVELOPMENT_ASSET_PATHS = "\"AirSense/Preview Content\"";
				DEVELOPMENT_TEAM = 49D4NATQYC;
				ENABLE_PREVIEWS = YES;
				GENERATE_INFOPLIST_FILE = YES;
				INFOPLIST_KEY_UIApplicationSceneManifest_Generation = YES;
				INFOPLIST_KEY_UIApplicationSupportsIndirectInputEvents = YES;
				INFOPLIST_KEY_UILaunchScreen_Generation = YES;
				INFOPLIST_KEY_UISupportedInterfaceOrientations_iPad = "UIInterfaceOrientationPortrait UIInterfaceOrientationPortraitUpsideDown UIInterfaceOrientationLandscapeLeft UIInterfaceOrientationLandscapeRight";
				INFOPLIST_KEY_UISupportedInterfaceOrientations_iPhone = "UIInterfaceOrientationPortrait UIInterfaceOrientationLandscapeLeft UIInterfaceOrientationLandscapeRight";
				LD_RUNPATH_SEARCH_PATHS = (
					"$(inherited)",
					"@executable_path/Frameworks",
				);
				MARKETING_VERSION = 1.0;
				PRODUCT_BUNDLE_IDENTIFIER = nathancree.AirSense;
				PRODUCT_NAME = "$(TARGET_NAME)";
				SWIFT_EMIT_LOC_STRINGS = YES;
				SWIFT_VERSION = 5.0;
				TARGETED_DEVICE_FAMILY = "1,2";
			};
			name = Release;
		};
/* End XCBuildConfiguration section */

/* Begin XCConfigurationList section */
		54AEB6332AB40D16000783B9 /* Build configuration list for PBXProject "AirSense" */ = {
			isa = XCConfigurationList;
			buildConfigurations = (
				54AEB64A2AB40D1A000783B9 /* Debug */,
				54AEB64B2AB40D1A000783B9 /* Release */,
			);
			defaultConfigurationIsVisible = 0;
			defaultConfigurationName = Release;
		};
		54AEB64C2AB40D1A000783B9 /* Build configuration list for PBXNativeTarget "AirSense" */ = {
			isa = XCConfigurationList;
			buildConfigurations = (
				54AEB64D2AB40D1A000783B9 /* Debug */,
				54AEB64E2AB40D1A000783B9 /* Release */,
			);
			defaultConfigurationIsVisible = 0;
			defaultConfigurationName = Release;
		};
/* End XCConfigurationList section */

/* Begin XCVersionGroup section */
		54AEB6462AB40D1A000783B9 /* AirSense.xcdatamodeld */ = {
			isa = XCVersionGroup;
			children = (
				54AEB6472AB40D1A000783B9 /* AirSense.xcdatamodel */,
			);
			currentVersion = 54AEB6472AB40D1A000783B9 /* AirSense.xcdatamodel */;
			path = AirSense.xcdatamodeld;
			sourceTree = "<group>";
			versionGroupType = wrapper.xcdatamodel;
		};
/* End XCVersionGroup section */
	};
	rootObject = 54AEB6302AB40D16000783B9 /* Project object */;
}
